
Microsoft Visual Studio Solution File, Format Version 12.00
# Visual Studio Version 17
VisualStudioVersion = 17.8.34511.84
MinimumVisualStudioVersion = 10.0.40219.1
Project("{FAE04EC0-301F-11D3-BF4B-00C04F79EFBC}") = "WebAPIDotNETCore", "WebAPIDotNETCore.csproj", "{64BF9CA1-DDCE-4903-9FAC-945F5C72C9C0}"
EndProject
Global
	GlobalSection(SolutionConfigurationPlatforms) = preSolution
		Debug|Any CPU = Debug|Any CPU
		Release|Any CPU = Release|Any CPU
	EndGlobalSection
	GlobalSection(ProjectConfigurationPlatforms) = postSolution
		{64BF9CA1-DDCE-4903-9FAC-945F5C72C9C0}.Debug|Any CPU.ActiveCfg = Debug|Any CPU
		{64BF9CA1-DDCE-4903-9FAC-945F5C72C9C0}.Debug|Any CPU.Build.0 = Debug|Any CPU
		{64BF9CA1-DDCE-4903-9FAC-945F5C72C9C0}.Release|Any CPU.ActiveCfg = Release|Any CPU
		{64BF9CA1-DDCE-4903-9FAC-945F5C72C9C0}.Release|Any CPU.Build.0 = Release|Any CPU
	EndGlobalSection
	GlobalSection(SolutionProperties) = preSolution
		HideSolutionNode = FALSE
	EndGlobalSection
	GlobalSection(ExtensibilityGlobals) = postSolution
		SolutionGuid = {0310D5BC-F8F3-418D-9E69-405EDA40F763}
	EndGlobalSection
EndGlobal
